// !$*UTF8*$!
{
	archiveVersion = 1;
	classes = {
	};
	objectVersion = 56;
	objects = {

/* Begin PBXBuildFile section */
		122C6495299E17DB00DA45C5 /* slot_machineApp.swift in Sources */ = {isa = PBXBuildFile; fileRef = 122C6494299E17DB00DA45C5 /* slot_machineApp.swift */; };
		122C6497299E17DB00DA45C5 /* ContentView.swift in Sources */ = {isa = PBXBuildFile; fileRef = 122C6496299E17DB00DA45C5 /* ContentView.swift */; };
		122C6499299E17DC00DA45C5 /* Assets.xcassets in Resources */ = {isa = PBXBuildFile; fileRef = 122C6498299E17DC00DA45C5 /* Assets.xcassets */; };
		122C649D299E17DC00DA45C5 /* Preview Assets.xcassets in Resources */ = {isa = PBXBuildFile; fileRef = 122C649C299E17DC00DA45C5 /* Preview Assets.xcassets */; };
		122C64A7299E17DC00DA45C5 /* slot_machineTests.swift in Sources */ = {isa = PBXBuildFile; fileRef = 122C64A6299E17DC00DA45C5 /* slot_machineTests.swift */; };
		122C64B1299E17DC00DA45C5 /* slot_machineUITests.swift in Sources */ = {isa = PBXBuildFile; fileRef = 122C64B0299E17DC00DA45C5 /* slot_machineUITests.swift */; };
		122C64B3299E17DC00DA45C5 /* slot_machineUITestsLaunchTests.swift in Sources */ = {isa = PBXBuildFile; fileRef = 122C64B2299E17DC00DA45C5 /* slot_machineUITestsLaunchTests.swift */; };
		122C64C0299E186D00DA45C5 /* Hexagonal.swift in Sources */ = {isa = PBXBuildFile; fileRef = 122C64BF299E186D00DA45C5 /* Hexagonal.swift */; };
/* End PBXBuildFile section */

/* Begin PBXContainerItemProxy section */
		122C64A3299E17DC00DA45C5 /* PBXContainerItemProxy */ = {
			isa = PBXContainerItemProxy;
			containerPortal = 122C6489299E17DB00DA45C5 /* Project object */;
			proxyType = 1;
			remoteGlobalIDString = 122C6490299E17DB00DA45C5;
			remoteInfo = "slot-machine";
		};
		122C64AD299E17DC00DA45C5 /* PBXContainerItemProxy */ = {
			isa = PBXContainerItemProxy;
			containerPortal = 122C6489299E17DB00DA45C5 /* Project object */;
			proxyType = 1;
			remoteGlobalIDString = 122C6490299E17DB00DA45C5;
			remoteInfo = "slot-machine";
		};
/* End PBXContainerItemProxy section */

/* Begin PBXFileReference section */
		122C6491299E17DB00DA45C5 /* slot-machine.app */ = {isa = PBXFileReference; explicitFileType = wrapper.application; includeInIndex = 0; path = "slot-machine.app"; sourceTree = BUILT_PRODUCTS_DIR; };
		122C6494299E17DB00DA45C5 /* slot_machineApp.swift */ = {isa = PBXFileReference; lastKnownFileType = sourcecode.swift; path = slot_machineApp.swift; sourceTree = "<group>"; };
		122C6496299E17DB00DA45C5 /* ContentView.swift */ = {isa = PBXFileReference; lastKnownFileType = sourcecode.swift; path = ContentView.swift; sourceTree = "<group>"; };
		122C6498299E17DC00DA45C5 /* Assets.xcassets */ = {isa = PBXFileReference; lastKnownFileType = folder.assetcatalog; path = Assets.xcassets; sourceTree = "<group>"; };
		122C649A299E17DC00DA45C5 /* slot_machine.entitlements */ = {isa = PBXFileReference; lastKnownFileType = text.plist.entitlements; path = slot_machine.entitlements; sourceTree = "<group>"; };
		122C649C299E17DC00DA45C5 /* Preview Assets.xcassets */ = {isa = PBXFileReference; lastKnownFileType = folder.assetcatalog; path = "Preview Assets.xcassets"; sourceTree = "<group>"; };
		122C64A2299E17DC00DA45C5 /* slot-machineTests.xctest */ = {isa = PBXFileReference; explicitFileType = wrapper.cfbundle; includeInIndex = 0; path = "slot-machineTests.xctest"; sourceTree = BUILT_PRODUCTS_DIR; };
		122C64A6299E17DC00DA45C5 /* slot_machineTests.swift */ = {isa = PBXFileReference; lastKnownFileType = sourcecode.swift; path = slot_machineTests.swift; sourceTree = "<group>"; };
		122C64AC299E17DC00DA45C5 /* slot-machineUITests.xctest */ = {isa = PBXFileReference; explicitFileType = wrapper.cfbundle; includeInIndex = 0; path = "slot-machineUITests.xctest"; sourceTree = BUILT_PRODUCTS_DIR; };
		122C64B0299E17DC00DA45C5 /* slot_machineUITests.swift */ = {isa = PBXFileReference; lastKnownFileType = sourcecode.swift; path = slot_machineUITests.swift; sourceTree = "<group>"; };
		122C64B2299E17DC00DA45C5 /* slot_machineUITestsLaunchTests.swift */ = {isa = PBXFileReference; lastKnownFileType = sourcecode.swift; path = slot_machineUITestsLaunchTests.swift; sourceTree = "<group>"; };
		122C64BF299E186D00DA45C5 /* Hexagonal.swift */ = {isa = PBXFileReference; lastKnownFileType = sourcecode.swift; path = Hexagonal.swift; sourceTree = "<group>"; };
/* End PBXFileReference section */

/* Begin PBXFrameworksBuildPhase section */
		122C648E299E17DB00DA45C5 /* Frameworks */ = {
			isa = PBXFrameworksBuildPhase;
			buildActionMask = 2147483647;
			files = (
			);
			runOnlyForDeploymentPostprocessing = 0;
		};
		122C649F299E17DC00DA45C5 /* Frameworks */ = {
			isa = PBXFrameworksBuildPhase;
			buildActionMask = 2147483647;
			files = (
			);
			runOnlyForDeploymentPostprocessing = 0;
		};
		122C64A9299E17DC00DA45C5 /* Frameworks */ = {
			isa = PBXFrameworksBuildPhase;
			buildActionMask = 2147483647;
			files = (
			);
			runOnlyForDeploymentPostprocessing = 0;
		};
/* End PBXFrameworksBuildPhase section */

/* Begin PBXGroup section */
		122C6488299E17DB00DA45C5 = {
			isa = PBXGroup;
			children = (
				122C6493299E17DB00DA45C5 /* slot-machine */,
				122C64A5299E17DC00DA45C5 /* slot-machineTests */,
				122C64AF299E17DC00DA45C5 /* slot-machineUITests */,
				122C6492299E17DB00DA45C5 /* Products */,
			);
			sourceTree = "<group>";
		};
		122C6492299E17DB00DA45C5 /* Products */ = {
			isa = PBXGroup;
			children = (
				122C6491299E17DB00DA45C5 /* slot-machine.app */,
				122C64A2299E17DC00DA45C5 /* slot-machineTests.xctest */,
				122C64AC299E17DC00DA45C5 /* slot-machineUITests.xctest */,
			);
			name = Products;
			sourceTree = "<group>";
		};
		122C6493299E17DB00DA45C5 /* slot-machine */ = {
			isa = PBXGroup;
			children = (
				122C6494299E17DB00DA45C5 /* slot_machineApp.swift */,
				122C6496299E17DB00DA45C5 /* ContentView.swift */,
				122C6498299E17DC00DA45C5 /* Assets.xcassets */,
				122C649A299E17DC00DA45C5 /* slot_machine.entitlements */,
				122C649B299E17DC00DA45C5 /* Preview Content */,
				122C64BF299E186D00DA45C5 /* Hexagonal.swift */,
			);
			path = "slot-machine";
			sourceTree = "<group>";
		};
		122C649B299E17DC00DA45C5 /* Preview Content */ = {
			isa = PBXGroup;
			children = (
				122C649C299E17DC00DA45C5 /* Preview Assets.xcassets */,
			);
			path = "Preview Content";
			sourceTree = "<group>";
		};
		122C64A5299E17DC00DA45C5 /* slot-machineTests */ = {
			isa = PBXGroup;
			children = (
				122C64A6299E17DC00DA45C5 /* slot_machineTests.swift */,
			);
			path = "slot-machineTests";
			sourceTree = "<group>";
		};
		122C64AF299E17DC00DA45C5 /* slot-machineUITests */ = {
			isa = PBXGroup;
			children = (
				122C64B0299E17DC00DA45C5 /* slot_machineUITests.swift */,
				122C64B2299E17DC00DA45C5 /* slot_machineUITestsLaunchTests.swift */,
			);
			path = "slot-machineUITests";
			sourceTree = "<group>";
		};
/* End PBXGroup section */

/* Begin PBXNativeTarget section */
		122C6490299E17DB00DA45C5 /* slot-machine */ = {
			isa = PBXNativeTarget;
			buildConfigurationList = 122C64B6299E17DC00DA45C5 /* Build configuration list for PBXNativeTarget "slot-machine" */;
			buildPhases = (
				122C648D299E17DB00DA45C5 /* Sources */,
				122C648E299E17DB00DA45C5 /* Frameworks */,
				122C648F299E17DB00DA45C5 /* Resources */,
			);
			buildRules = (
			);
			dependencies = (
			);
			name = "slot-machine";
			productName = "slot-machine";
			productReference = 122C6491299E17DB00DA45C5 /* slot-machine.app */;
			productType = "com.apple.product-type.application";
		};
		122C64A1299E17DC00DA45C5 /* slot-machineTests */ = {
			isa = PBXNativeTarget;
			buildConfigurationList = 122C64B9299E17DC00DA45C5 /* Build configuration list for PBXNativeTarget "slot-machineTests" */;
			buildPhases = (
				122C649E299E17DC00DA45C5 /* Sources */,
				122C649F299E17DC00DA45C5 /* Frameworks */,
				122C64A0299E17DC00DA45C5 /* Resources */,
			);
			buildRules = (
			);
			dependencies = (
				122C64A4299E17DC00DA45C5 /* PBXTargetDependency */,
			);
			name = "slot-machineTests";
			productName = "slot-machineTests";
			productReference = 122C64A2299E17DC00DA45C5 /* slot-machineTests.xctest */;
			productType = "com.apple.product-type.bundle.unit-test";
		};
		122C64AB299E17DC00DA45C5 /* slot-machineUITests */ = {
			isa = PBXNativeTarget;
			buildConfigurationList = 122C64BC299E17DC00DA45C5 /* Build configuration list for PBXNativeTarget "slot-machineUITests" */;
			buildPhases = (
				122C64A8299E17DC00DA45C5 /* Sources */,
				122C64A9299E17DC00DA45C5 /* Frameworks */,
				122C64AA299E17DC00DA45C5 /* Resources */,
			);
			buildRules = (
			);
			dependencies = (
				122C64AE299E17DC00DA45C5 /* PBXTargetDependency */,
			);
			name = "slot-machineUITests";
			productName = "slot-machineUITests";
			productReference = 122C64AC299E17DC00DA45C5 /* slot-machineUITests.xctest */;
			productType = "com.apple.product-type.bundle.ui-testing";
		};
/* End PBXNativeTarget section */

/* Begin PBXProject section */
		122C6489299E17DB00DA45C5 /* Project object */ = {
			isa = PBXProject;
			attributes = {
				BuildIndependentTargetsInParallel = 1;
				LastSwiftUpdateCheck = 1420;
				LastUpgradeCheck = 1420;
				TargetAttributes = {
					122C6490299E17DB00DA45C5 = {
						CreatedOnToolsVersion = 14.2;
					};
					122C64A1299E17DC00DA45C5 = {
						CreatedOnToolsVersion = 14.2;
						TestTargetID = 122C6490299E17DB00DA45C5;
					};
					122C64AB299E17DC00DA45C5 = {
						CreatedOnToolsVersion = 14.2;
						TestTargetID = 122C6490299E17DB00DA45C5;
					};
				};
			};
			buildConfigurationList = 122C648C299E17DB00DA45C5 /* Build configuration list for PBXProject "slot-machine" */;
			compatibilityVersion = "Xcode 14.0";
			developmentRegion = en;
			hasScannedForEncodings = 0;
			knownRegions = (
				en,
				Base,
			);
			mainGroup = 122C6488299E17DB00DA45C5;
			productRefGroup = 122C6492299E17DB00DA45C5 /* Products */;
			projectDirPath = "";
			projectRoot = "";
			targets = (
				122C6490299E17DB00DA45C5 /* slot-machine */,
				122C64A1299E17DC00DA45C5 /* slot-machineTests */,
				122C64AB299E17DC00DA45C5 /* slot-machineUITests */,
			);
		};
/* End PBXProject section */

/* Begin PBXResourcesBuildPhase section */
		122C648F299E17DB00DA45C5 /* Resources */ = {
			isa = PBXResourcesBuildPhase;
			buildActionMask = 2147483647;
			files = (
				122C649D299E17DC00DA45C5 /* Preview Assets.xcassets in Resources */,
				122C6499299E17DC00DA45C5 /* Assets.xcassets in Resources */,
			);
			runOnlyForDeploymentPostprocessing = 0;
		};
		122C64A0299E17DC00DA45C5 /* Resources */ = {
			isa = PBXResourcesBuildPhase;
			buildActionMask = 2147483647;
			files = (
			);
			runOnlyForDeploymentPostprocessing = 0;
		};
		122C64AA299E17DC00DA45C5 /* Resources */ = {
			isa = PBXResourcesBuildPhase;
			buildActionMask = 2147483647;
			files = (
			);
			runOnlyForDeploymentPostprocessing = 0;
		};
/* End PBXResourcesBuildPhase section */

/* Begin PBXSourcesBuildPhase section */
		122C648D299E17DB00DA45C5 /* Sources */ = {
			isa = PBXSourcesBuildPhase;
			buildActionMask = 2147483647;
			files = (
				122C64C0299E186D00DA45C5 /* Hexagonal.swift in Sources */,
				122C6497299E17DB00DA45C5 /* ContentView.swift in Sources */,
				122C6495299E17DB00DA45C5 /* slot_machineApp.swift in Sources */,
			);
			runOnlyForDeploymentPostprocessing = 0;
		};
		122C649E299E17DC00DA45C5 /* Sources */ = {
			isa = PBXSourcesBuildPhase;
			buildActionMask = 2147483647;
			files = (
				122C64A7299E17DC00DA45C5 /* slot_machineTests.swift in Sources */,
			);
			runOnlyForDeploymentPostprocessing = 0;
		};
		122C64A8299E17DC00DA45C5 /* Sources */ = {
			isa = PBXSourcesBuildPhase;
			buildActionMask = 2147483647;
			files = (
				122C64B3299E17DC00DA45C5 /* slot_machineUITestsLaunchTests.swift in Sources */,
				122C64B1299E17DC00DA45C5 /* slot_machineUITests.swift in Sources */,
			);
			runOnlyForDeploymentPostprocessing = 0;
		};
/* End PBXSourcesBuildPhase section */

/* Begin PBXTargetDependency section */
		122C64A4299E17DC00DA45C5 /* PBXTargetDependency */ = {
			isa = PBXTargetDependency;
			target = 122C6490299E17DB00DA45C5 /* slot-machine */;
			targetProxy = 122C64A3299E17DC00DA45C5 /* PBXContainerItemProxy */;
		};
		122C64AE299E17DC00DA45C5 /* PBXTargetDependency */ = {
			isa = PBXTargetDependency;
			target = 122C6490299E17DB00DA45C5 /* slot-machine */;
			targetProxy = 122C64AD299E17DC00DA45C5 /* PBXContainerItemProxy */;
		};
/* End PBXTargetDependency section */

/* Begin XCBuildConfiguration section */
		122C64B4299E17DC00DA45C5 /* Debug */ = {
			isa = XCBuildConfiguration;
			buildSettings = {
				ALWAYS_SEARCH_USER_PATHS = NO;
				CLANG_ANALYZER_NONNULL = YES;
				CLANG_ANALYZER_NUMBER_OBJECT_CONVERSION = YES_AGGRESSIVE;
				CLANG_CXX_LANGUAGE_STANDARD = "gnu++20";
				CLANG_ENABLE_MODULES = YES;
				CLANG_ENABLE_OBJC_ARC = YES;
				CLANG_ENABLE_OBJC_WEAK = YES;
				CLANG_WARN_BLOCK_CAPTURE_AUTORELEASING = YES;
				CLANG_WARN_BOOL_CONVERSION = YES;
				CLANG_WARN_COMMA = YES;
				CLANG_WARN_CONSTANT_CONVERSION = YES;
				CLANG_WARN_DEPRECATED_OBJC_IMPLEMENTATIONS = YES;
				CLANG_WARN_DIRECT_OBJC_ISA_USAGE = YES_ERROR;
				CLANG_WARN_DOCUMENTATION_COMMENTS = YES;
				CLANG_WARN_EMPTY_BODY = YES;
				CLANG_WARN_ENUM_CONVERSION = YES;
				CLANG_WARN_INFINITE_RECURSION = YES;
				CLANG_WARN_INT_CONVERSION = YES;
				CLANG_WARN_NON_LITERAL_NULL_CONVERSION = YES;
				CLANG_WARN_OBJC_IMPLICIT_RETAIN_SELF = YES;
				CLANG_WARN_OBJC_LITERAL_CONVERSION = YES;
				CLANG_WARN_OBJC_ROOT_CLASS = YES_ERROR;
				CLANG_WARN_QUOTED_INCLUDE_IN_FRAMEWORK_HEADER = YES;
				CLANG_WARN_RANGE_LOOP_ANALYSIS = YES;
				CLANG_WARN_STRICT_PROTOTYPES = YES;
				CLANG_WARN_SUSPICIOUS_MOVE = YES;
				CLANG_WARN_UNGUARDED_AVAILABILITY = YES_AGGRESSIVE;
				CLANG_WARN_UNREACHABLE_CODE = YES;
				CLANG_WARN__DUPLICATE_METHOD_MATCH = YES;
				COPY_PHASE_STRIP = NO;
				DEBUG_INFORMATION_FORMAT = dwarf;
				ENABLE_STRICT_OBJC_MSGSEND = YES;
				ENABLE_TESTABILITY = YES;
				GCC_C_LANGUAGE_STANDARD = gnu11;
				GCC_DYNAMIC_NO_PIC = NO;
				GCC_NO_COMMON_BLOCKS = YES;
				GCC_OPTIMIZATION_LEVEL = 0;
				GCC_PREPROCESSOR_DEFINITIONS = (
					"DEBUG=1",
					"$(inherited)",
				);
				GCC_WARN_64_TO_32_BIT_CONVERSION = YES;
				GCC_WARN_ABOUT_RETURN_TYPE = YES_ERROR;
				GCC_WARN_UNDECLARED_SELECTOR = YES;
				GCC_WARN_UNINITIALIZED_AUTOS = YES_AGGRESSIVE;
				GCC_WARN_UNUSED_FUNCTION = YES;
				GCC_WARN_UNUSED_VARIABLE = YES;
				MTL_ENABLE_DEBUG_INFO = INCLUDE_SOURCE;
				MTL_FAST_MATH = YES;
				ONLY_ACTIVE_ARCH = YES;
				SWIFT_ACTIVE_COMPILATION_CONDITIONS = DEBUG;
				SWIFT_OPTIMIZATION_LEVEL = "-Onone";
			};
			name = Debug;
		};
		122C64B5299E17DC00DA45C5 /* Release */ = {
			isa = XCBuildConfiguration;
			buildSettings = {
				ALWAYS_SEARCH_USER_PATHS = NO;
				CLANG_ANALYZER_NONNULL = YES;
				CLANG_ANALYZER_NUMBER_OBJECT_CONVERSION = YES_AGGRESSIVE;
				CLANG_CXX_LANGUAGE_STANDARD = "gnu++20";
				CLANG_ENABLE_MODULES = YES;
				CLANG_ENABLE_OBJC_ARC = YES;
				CLANG_ENABLE_OBJC_WEAK = YES;
				CLANG_WARN_BLOCK_CAPTURE_AUTORELEASING = YES;
				CLANG_WARN_BOOL_CONVERSION = YES;
				CLANG_WARN_COMMA = YES;
				CLANG_WARN_CONSTANT_CONVERSION = YES;
				CLANG_WARN_DEPRECATED_OBJC_IMPLEMENTATIONS = YES;
				CLANG_WARN_DIRECT_OBJC_ISA_USAGE = YES_ERROR;
				CLANG_WARN_DOCUMENTATION_COMMENTS = YES;
				CLANG_WARN_EMPTY_BODY = YES;
				CLANG_WARN_ENUM_CONVERSION = YES;
				CLANG_WARN_INFINITE_RECURSION = YES;
				CLANG_WARN_INT_CONVERSION = YES;
				CLANG_WARN_NON_LITERAL_NULL_CONVERSION = YES;
				CLANG_WARN_OBJC_IMPLICIT_RETAIN_SELF = YES;
				CLANG_WARN_OBJC_LITERAL_CONVERSION = YES;
				CLANG_WARN_OBJC_ROOT_CLASS = YES_ERROR;
				CLANG_WARN_QUOTED_INCLUDE_IN_FRAMEWORK_HEADER = YES;
				CLANG_WARN_RANGE_LOOP_ANALYSIS = YES;
				CLANG_WARN_STRICT_PROTOTYPES = YES;
				CLANG_WARN_SUSPICIOUS_MOVE = YES;
				CLANG_WARN_UNGUARDED_AVAILABILITY = YES_AGGRESSIVE;
				CLANG_WARN_UNREACHABLE_CODE = YES;
				CLANG_WARN__DUPLICATE_METHOD_MATCH = YES;
				COPY_PHASE_STRIP = NO;
				DEBUG_INFORMATION_FORMAT = "dwarf-with-dsym";
				ENABLE_NS_ASSERTIONS = NO;
				ENABLE_STRICT_OBJC_MSGSEND = YES;
				GCC_C_LANGUAGE_STANDARD = gnu11;
				GCC_NO_COMMON_BLOCKS = YES;
				GCC_WARN_64_TO_32_BIT_CONVERSION = YES;
				GCC_WARN_ABOUT_RETURN_TYPE = YES_ERROR;
				GCC_WARN_UNDECLARED_SELECTOR = YES;
				GCC_WARN_UNINITIALIZED_AUTOS = YES_AGGRESSIVE;
				GCC_WARN_UNUSED_FUNCTION = YES;
				GCC_WARN_UNUSED_VARIABLE = YES;
				MTL_ENABLE_DEBUG_INFO = NO;
				MTL_FAST_MATH = YES;
				SWIFT_COMPILATION_MODE = wholemodule;
				SWIFT_OPTIMIZATION_LEVEL = "-O";
			};
			name = Release;
		};
		122C64B7299E17DC00DA45C5 /* Debug */ = {
			isa = XCBuildConfiguration;
			buildSettings = {
				ASSETCATALOG_COMPILER_APPICON_NAME = AppIcon;
				ASSETCATALOG_COMPILER_GLOBAL_ACCENT_COLOR_NAME = AccentColor;
				CODE_SIGN_ENTITLEMENTS = "slot-machine/slot_machine.entitlements";
				CODE_SIGN_STYLE = Automatic;
				CURRENT_PROJECT_VERSION = 1;
				DEVELOPMENT_ASSET_PATHS = "\"slot-machine/Preview Content\"";
				DEVELOPMENT_TEAM = PR5663GPG7;
				ENABLE_HARDENED_RUNTIME = YES;
				ENABLE_PREVIEWS = YES;
				GENERATE_INFOPLIST_FILE = YES;
				"INFOPLIST_KEY_UIApplicationSceneManifest_Generation[sdk=iphoneos*]" = YES;
				"INFOPLIST_KEY_UIApplicationSceneManifest_Generation[sdk=iphonesimulator*]" = YES;
				"INFOPLIST_KEY_UIApplicationSupportsIndirectInputEvents[sdk=iphoneos*]" = YES;
				"INFOPLIST_KEY_UIApplicationSupportsIndirectInputEvents[sdk=iphonesimulator*]" = YES;
				"INFOPLIST_KEY_UILaunchScreen_Generation[sdk=iphoneos*]" = YES;
				"INFOPLIST_KEY_UILaunchScreen_Generation[sdk=iphonesimulator*]" = YES;
				"INFOPLIST_KEY_UIStatusBarStyle[sdk=iphoneos*]" = UIStatusBarStyleDefault;
				"INFOPLIST_KEY_UIStatusBarStyle[sdk=iphonesimulator*]" = UIStatusBarStyleDefault;
				INFOPLIST_KEY_UISupportedInterfaceOrientations_iPad = "UIInterfaceOrientationPortrait UIInterfaceOrientationPortraitUpsideDown UIInterfaceOrientationLandscapeLeft UIInterfaceOrientationLandscapeRight";
				INFOPLIST_KEY_UISupportedInterfaceOrientations_iPhone = "UIInterfaceOrientationPortrait UIInterfaceOrientationLandscapeLeft UIInterfaceOrientationLandscapeRight";
				IPHONEOS_DEPLOYMENT_TARGET = 15.1;
				LD_RUNPATH_SEARCH_PATHS = "@executable_path/Frameworks";
				"LD_RUNPATH_SEARCH_PATHS[sdk=macosx*]" = "@executable_path/../Frameworks";
				MACOSX_DEPLOYMENT_TARGET = 13.1;
				MARKETING_VERSION = 1.0;
				PRODUCT_BUNDLE_IDENTIFIER = "com.dev.profileApp.slot-machine";
				PRODUCT_NAME = "$(TARGET_NAME)";
				SDKROOT = auto;
				SUPPORTED_PLATFORMS = "iphoneos iphonesimulator macosx";
				SWIFT_EMIT_LOC_STRINGS = YES;
				SWIFT_VERSION = 5.0;
				TARGETED_DEVICE_FAMILY = "1,2";
			};
			name = Debug;
		};
		122C64B8299E17DC00DA45C5 /* Release */ = {
			isa = XCBuildConfiguration;
			buildSettings = {
				ASSETCATALOG_COMPILER_APPICON_NAME = AppIcon;
				ASSETCATALOG_COMPILER_GLOBAL_ACCENT_COLOR_NAME = AccentColor;
				CODE_SIGN_ENTITLEMENTS = "slot-machine/slot_machine.entitlements";
				CODE_SIGN_STYLE = Automatic;
				CURRENT_PROJECT_VERSION = 1;
				DEVELOPMENT_ASSET_PATHS = "\"slot-machine/Preview Content\"";
				DEVELOPMENT_TEAM = PR5663GPG7;
				ENABLE_HARDENED_RUNTIME = YES;
				ENABLE_PREVIEWS = YES;
				GENERATE_INFOPLIST_FILE = YES;
				"INFOPLIST_KEY_UIApplicationSceneManifest_Generation[sdk=iphoneos*]" = YES;
				"INFOPLIST_KEY_UIApplicationSceneManifest_Generation[sdk=iphonesimulator*]" = YES;
				"INFOPLIST_KEY_UIApplicationSupportsIndirectInputEvents[sdk=iphoneos*]" = YES;
				"INFOPLIST_KEY_UIApplicationSupportsIndirectInputEvents[sdk=iphonesimulator*]" = YES;
				"INFOPLIST_KEY_UILaunchScreen_Generation[sdk=iphoneos*]" = YES;
				"INFOPLIST_KEY_UILaunchScreen_Generation[sdk=iphonesimulator*]" = YES;
				"INFOPLIST_KEY_UIStatusBarStyle[sdk=iphoneos*]" = UIStatusBarStyleDefault;
				"INFOPLIST_KEY_UIStatusBarStyle[sdk=iphonesimulator*]" = UIStatusBarStyleDefault;
				INFOPLIST_KEY_UISupportedInterfaceOrientations_iPad = "UIInterfaceOrientationPortrait UIInterfaceOrientationPortraitUpsideDown UIInterfaceOrientationLandscapeLeft UIInterfaceOrientationLandscapeRight";
				INFOPLIST_KEY_UISupportedInterfaceOrientations_iPhone = "UIInterfaceOrientationPortrait UIInterfaceOrientationLandscapeLeft UIInterfaceOrientationLandscapeRight";
				IPHONEOS_DEPLOYMENT_TARGET = 15.1;
				LD_RUNPATH_SEARCH_PATHS = "@executable_path/Frameworks";
				"LD_RUNPATH_SEARCH_PATHS[sdk=macosx*]" = "@executable_path/../Frameworks";
				MACOSX_DEPLOYMENT_TARGET = 13.1;
				MARKETING_VERSION = 1.0;
				PRODUCT_BUNDLE_IDENTIFIER = "com.dev.profileApp.slot-machine";
				PRODUCT_NAME = "$(TARGET_NAME)";
				SDKROOT = auto;
				SUPPORTED_PLATFORMS = "iphoneos iphonesimulator macosx";
				SWIFT_EMIT_LOC_STRINGS = YES;
				SWIFT_VERSION = 5.0;
				TARGETED_DEVICE_FAMILY = "1,2";
			};
			name = Release;
		};
		122C64BA299E17DC00DA45C5 /* Debug */ = {
			isa = XCBuildConfiguration;
			buildSettings = {
				ALWAYS_EMBED_SWIFT_STANDARD_LIBRARIES = YES;
				BUNDLE_LOADER = "$(TEST_HOST)";
				CODE_SIGN_STYLE = Automatic;
				CURRENT_PROJECT_VERSION = 1;
				DEVELOPMENT_TEAM = PR5663GPG7;
				GENERATE_INFOPLIST_FILE = YES;
				IPHONEOS_DEPLOYMENT_TARGET = 16.2;
				MACOSX_DEPLOYMENT_TARGET = 13.1;
				MARKETING_VERSION = 1.0;
				PRODUCT_BUNDLE_IDENTIFIER = "com.dev.profileApp.slot-machineTests";
				PRODUCT_NAME = "$(TARGET_NAME)";
				SDKROOT = auto;
				SUPPORTED_PLATFORMS = "iphoneos iphonesimulator macosx";
				SWIFT_EMIT_LOC_STRINGS = NO;
				SWIFT_VERSION = 5.0;
				TARGETED_DEVICE_FAMILY = "1,2";
				TEST_HOST = "$(BUILT_PRODUCTS_DIR)/slot-machine.app/$(BUNDLE_EXECUTABLE_FOLDER_PATH)/slot-machine";
			};
			name = Debug;
		};
		122C64BB299E17DC00DA45C5 /* Release */ = {
			isa = XCBuildConfiguration;
			buildSettings = {
				ALWAYS_EMBED_SWIFT_STANDARD_LIBRARIES = YES;
				BUNDLE_LOADER = "$(TEST_HOST)";
				CODE_SIGN_STYLE = Automatic;
				CURRENT_PROJECT_VERSION = 1;
				DEVELOPMENT_TEAM = PR5663GPG7;
				GENERATE_INFOPLIST_FILE = YES;
				IPHONEOS_DEPLOYMENT_TARGET = 16.2;
				MACOSX_DEPLOYMENT_TARGET = 13.1;
				MARKETING_VERSION = 1.0;
				PRODUCT_BUNDLE_IDENTIFIER = "com.dev.profileApp.slot-machineTests";
				PRODUCT_NAME = "$(TARGET_NAME)";
				SDKROOT = auto;
				SUPPORTED_PLATFORMS = "iphoneos iphonesimulator macosx";
				SWIFT_EMIT_LOC_STRINGS = NO;
				SWIFT_VERSION = 5.0;
				TARGETED_DEVICE_FAMILY = "1,2";
				TEST_HOST = "$(BUILT_PRODUCTS_DIR)/slot-machine.app/$(BUNDLE_EXECUTABLE_FOLDER_PATH)/slot-machine";
			};
			name = Release;
		};
		122C64BD299E17DC00DA45C5 /* Debug */ = {
			isa = XCBuildConfiguration;
			buildSettings = {
				ALWAYS_EMBED_SWIFT_STANDARD_LIBRARIES = YES;
				CODE_SIGN_STYLE = Automatic;
				CURRENT_PROJECT_VERSION = 1;
				DEVELOPMENT_TEAM = PR5663GPG7;
				GENERATE_INFOPLIST_FILE = YES;
				IPHONEOS_DEPLOYMENT_TARGET = 16.2;
				MACOSX_DEPLOYMENT_TARGET = 13.1;
				MARKETING_VERSION = 1.0;
				PRODUCT_BUNDLE_IDENTIFIER = "com.dev.profileApp.slot-machineUITests";
				PRODUCT_NAME = "$(TARGET_NAME)";
				SDKROOT = auto;
				SUPPORTED_PLATFORMS = "iphoneos iphonesimulator macosx";
				SWIFT_EMIT_LOC_STRINGS = NO;
				SWIFT_VERSION = 5.0;
				TARGETED_DEVICE_FAMILY = "1,2";
				TEST_TARGET_NAME = "slot-machine";
			};
			name = Debug;
		};
		122C64BE299E17DC00DA45C5 /* Release */ = {
			isa = XCBuildConfiguration;
			buildSettings = {
				ALWAYS_EMBED_SWIFT_STANDARD_LIBRARIES = YES;
				CODE_SIGN_STYLE = Automatic;
				CURRENT_PROJECT_VERSION = 1;
				DEVELOPMENT_TEAM = PR5663GPG7;
				GENERATE_INFOPLIST_FILE = YES;
				IPHONEOS_DEPLOYMENT_TARGET = 16.2;
				MACOSX_DEPLOYMENT_TARGET = 13.1;
				MARKETING_VERSION = 1.0;
				PRODUCT_BUNDLE_IDENTIFIER = "com.dev.profileApp.slot-machineUITests";
				PRODUCT_NAME = "$(TARGET_NAME)";
				SDKROOT = auto;
				SUPPORTED_PLATFORMS = "iphoneos iphonesimulator macosx";
				SWIFT_EMIT_LOC_STRINGS = NO;
				SWIFT_VERSION = 5.0;
				TARGETED_DEVICE_FAMILY = "1,2";
				TEST_TARGET_NAME = "slot-machine";
			};
			name = Release;
		};
/* End XCBuildConfiguration section */

/* Begin XCConfigurationList section */
		122C648C299E17DB00DA45C5 /* Build configuration list for PBXProject "slot-machine" */ = {
			isa = XCConfigurationList;
			buildConfigurations = (
				122C64B4299E17DC00DA45C5 /* Debug */,
				122C64B5299E17DC00DA45C5 /* Release */,
			);
			defaultConfigurationIsVisible = 0;
			defaultConfigurationName = Release;
		};
		122C64B6299E17DC00DA45C5 /* Build configuration list for PBXNativeTarget "slot-machine" */ = {
			isa = XCConfigurationList;
			buildConfigurations = (
				122C64B7299E17DC00DA45C5 /* Debug */,
				122C64B8299E17DC00DA45C5 /* Release */,
			);
			defaultConfigurationIsVisible = 0;
			defaultConfigurationName = Release;
		};
		122C64B9299E17DC00DA45C5 /* Build configuration list for PBXNativeTarget "slot-machineTests" */ = {
			isa = XCConfigurationList;
			buildConfigurations = (
				122C64BA299E17DC00DA45C5 /* Debug */,
				122C64BB299E17DC00DA45C5 /* Release */,
			);
			defaultConfigurationIsVisible = 0;
			defaultConfigurationName = Release;
		};
		122C64BC299E17DC00DA45C5 /* Build configuration list for PBXNativeTarget "slot-machineUITests" */ = {
			isa = XCConfigurationList;
			buildConfigurations = (
				122C64BD299E17DC00DA45C5 /* Debug */,
				122C64BE299E17DC00DA45C5 /* Release */,
			);
			defaultConfigurationIsVisible = 0;
			defaultConfigurationName = Release;
		};
/* End XCConfigurationList section */
	};
	rootObject = 122C6489299E17DB00DA45C5 /* Project object */;
}
